
Microsoft Visual Studio Solution File, Format Version 12.00
Project("{FAE04EC0-301F-11D3-BF4B-00C04F79EFBC}") = "PKS1", "PKS1\PKS1.csproj", "{2DE6D47A-0945-4042-9DE8-0D7F8D7262E3}"
EndProject
Global
	GlobalSection(SolutionConfigurationPlatforms) = preSolution
		Debug|Any CPU = Debug|Any CPU
		Release|Any CPU = Release|Any CPU
	EndGlobalSection
	GlobalSection(ProjectConfigurationPlatforms) = postSolution
		{2DE6D47A-0945-4042-9DE8-0D7F8D7262E3}.Debug|Any CPU.ActiveCfg = Debug|Any CPU
		{2DE6D47A-0945-4042-9DE8-0D7F8D7262E3}.Debug|Any CPU.Build.0 = Debug|Any CPU
		{2DE6D47A-0945-4042-9DE8-0D7F8D7262E3}.Release|Any CPU.ActiveCfg = Release|Any CPU
		{2DE6D47A-0945-4042-9DE8-0D7F8D7262E3}.Release|Any CPU.Build.0 = Release|Any CPU
	EndGlobalSection
EndGlobal
